{
    "_readme": [
        "This file locks the dependencies of your project to a known state",
        "Read more about it at https://getcomposer.org/doc/01-basic-usage.md#installing-dependencies",
        "This file is @generated automatically"
    ],
    "content-hash": "8a266f1c59f25753474785324b36847b",
    "packages": [
        {
            "name": "composer/installers",
            "version": "v1.7.0",
            "source": {
                "type": "git",
                "url": "https://github.com/composer/installers.git",
                "reference": "141b272484481432cda342727a427dc1e206bfa0"
            },
            "dist": {
                "type": "zip",
                "url": "https://api.github.com/repos/composer/installers/zipball/141b272484481432cda342727a427dc1e206bfa0",
                "reference": "141b272484481432cda342727a427dc1e206bfa0",
                "shasum": ""
            },
            "require": {
                "composer-plugin-api": "^1.0"
            },
            "replace": {
                "roundcube/plugin-installer": "*",
                "shama/baton": "*"
            },
            "require-dev": {
                "composer/composer": "1.0.*@dev",
                "phpunit/phpunit": "^4.8.36"
            },
            "type": "composer-plugin",
            "extra": {
                "class": "Composer\\Installers\\Plugin",
                "branch-alias": {
                    "dev-master": "1.0-dev"
                }
            },
            "autoload": {
                "psr-4": {
                    "Composer\\Installers\\": "src/Composer/Installers"
                }
            },
            "notification-url": "https://packagist.org/downloads/",
            "license": [
                "MIT"
            ],
            "authors": [
                {
                    "name": "Kyle Robinson Young",
                    "email": "kyle@dontkry.com",
                    "homepage": "https://github.com/shama"
                }
            ],
            "description": "A multi-framework Composer library installer",
            "homepage": "https://composer.github.io/installers/",
            "keywords": [
                "Craft",
                "Dolibarr",
                "Eliasis",
                "Hurad",
                "ImageCMS",
                "Kanboard",
                "Lan Management System",
                "MODX Evo",
                "Mautic",
                "Maya",
                "OXID",
                "Plentymarkets",
                "Porto",
                "RadPHP",
                "SMF",
                "Thelia",
                "Whmcs",
                "WolfCMS",
                "agl",
                "aimeos",
                "annotatecms",
                "attogram",
                "bitrix",
                "cakephp",
                "chef",
                "cockpit",
                "codeigniter",
                "concrete5",
                "croogo",
                "dokuwiki",
                "drupal",
                "eZ Platform",
                "elgg",
                "expressionengine",
                "fuelphp",
                "grav",
                "installer",
                "itop",
                "joomla",
                "known",
                "kohana",
                "laravel",
                "lavalite",
                "lithium",
                "magento",
                "majima",
                "mako",
                "mediawiki",
                "modulework",
                "modx",
                "moodle",
                "osclass",
                "phpbb",
                "piwik",
                "ppi",
                "puppet",
                "pxcms",
                "reindex",
                "roundcube",
                "shopware",
                "silverstripe",
                "sydes",
                "symfony",
                "typo3",
                "wordpress",
                "yawik",
                "zend",
                "zikula"
            ],
            "time": "2019-08-12T15:00:31+00:00"
        },
        {
            "name": "drupal/bootstrap",
            "version": "3.21.0",
            "source": {
                "type": "git",
                "url": "https://git.drupalcode.org/project/bootstrap.git",
                "reference": "8.x-3.21"
            },
            "dist": {
                "type": "zip",
                "url": "https://ftp.drupal.org/files/projects/bootstrap-8.x-3.21.zip",
                "reference": "8.x-3.21",
                "shasum": "e431093eb4f64712b02e691660a85cfa4fb49c88"
            },
            "require": {
                "drupal/core": "~8.0"
            },
            "type": "drupal-theme",
            "extra": {
                "branch-alias": {
                    "dev-3.x": "3.x-dev"
                },
                "drupal": {
                    "version": "8.x-3.21",
                    "datestamp": "1574427108",
                    "security-coverage": {
                        "status": "covered",
                        "message": "Covered by Drupal's security advisory policy"
                    }
                }
            },
            "notification-url": "https://packages.drupal.org/8/downloads",
            "license": [
                "GPL-2.0"
            ],
            "authors": [
                {
                    "name": "Mark Carver (markcarver)",
                    "homepage": "https://www.drupal.org/u/markcarver",
                    "role": "Maintainer"
                },
                {
                    "name": "John McCormick (neardark)",
                    "homepage": "https://www.drupal.org/u/neardark",
                    "role": "Co-maintainer"
                },
                {
                    "name": "Fabiano Sant'Ana (wundo)",
                    "homepage": "https://www.drupal.org/u/wundo",
                    "role": "Co-maintainer"
                }
            ],
            "description": "Built to use Bootstrap, a sleek, intuitive, and powerful front-end framework for faster and easier web development.",
            "homepage": "https://www.drupal.org/project/bootstrap",
            "support": {
                "source": "http://cgit.drupalcode.org/bootstrap",
                "docs": "https://drupal-bootstrap.org",
                "issues": "https://www.drupal.org/project/issues/bootstrap",
                "irc": "irc://irc.freenode.org/drupal-bootstrap"
            }
        },
        {
            "name": "drupal/captcha",
            "version": "1.0.0-beta4",
            "source": {
                "type": "git",
                "url": "https://git.drupalcode.org/project/captcha.git",
                "reference": "8.x-1.0-beta4"
            },
            "dist": {
                "type": "zip",
                "url": "https://ftp.drupal.org/files/projects/captcha-8.x-1.0-beta4.zip",
                "reference": "8.x-1.0-beta4",
                "shasum": "08ecd947204852302704b0bd6ec73a6f6a871854"
            },
            "require": {
                "drupal/core": "*"
            },
            "type": "drupal-module",
            "extra": {
                "branch-alias": {
                    "dev-1.x": "1.x-dev"
                },
                "drupal": {
                    "version": "8.x-1.0-beta4",
                    "datestamp": "1571689089",
                    "security-coverage": {
                        "status": "not-covered",
                        "message": "Beta releases are not covered by Drupal security advisories."
                    }
                }
            },
            "notification-url": "https://packages.drupal.org/8/downloads",
            "license": [
                "GPL-2.0-or-later"
            ],
            "authors": [
                {
                    "name": "RobLoach",
                    "homepage": "https://www.drupal.org/user/61114"
                },
                {
                    "name": "elachlan",
                    "homepage": "https://www.drupal.org/user/1021502"
                },
                {
                    "name": "naveenvalecha",
                    "homepage": "https://www.drupal.org/user/2665733"
                },
                {
                    "name": "podarok",
                    "homepage": "https://www.drupal.org/user/116002"
                },
                {
                    "name": "soxofaan",
                    "homepage": "https://www.drupal.org/user/41478"
                },
                {
                    "name": "wundo",
                    "homepage": "https://www.drupal.org/user/25523"
                }
            ],
            "description": "The CAPTCHA module provides this feature to virtually any user facing web form on a Drupal site.",
            "homepage": "https://www.drupal.org/project/captcha",
            "support": {
                "source": "https://git.drupalcode.org/project/captcha"
            }
        },
        {
            "name": "drupal/contact_block",
            "version": "1.4.0",
            "source": {
                "type": "git",
                "url": "https://git.drupalcode.org/project/contact_block.git",
                "reference": "8.x-1.4"
            },
            "dist": {
                "type": "zip",
                "url": "https://ftp.drupal.org/files/projects/contact_block-8.x-1.4.zip",
                "reference": "8.x-1.4",
                "shasum": "0e10326e33c02f821c0f20885a3662f8c3e34c64"
            },
            "require": {
                "drupal/core": "*"
            },
            "type": "drupal-module",
            "extra": {
                "branch-alias": {
                    "dev-1.x": "1.x-dev"
                },
                "drupal": {
                    "version": "8.x-1.4",
                    "datestamp": "1493036943",
                    "security-coverage": {
                        "status": "covered",
                        "message": "Covered by Drupal's security advisory policy"
                    }
                }
            },
            "notification-url": "https://packages.drupal.org/8/downloads",
            "license": [
                "GPL-2.0-or-later"
            ],
            "authors": [
                {
                    "name": "Sutharsan",
                    "homepage": "https://www.drupal.org/user/73854"
                },
                {
                    "name": "vuil",
                    "homepage": "https://www.drupal.org/user/3568458"
                }
            ],
            "description": "Provides blocks for Contact form module.",
            "homepage": "https://www.drupal.org/project/contact_block",
            "support": {
                "source": "https://git.drupalcode.org/project/contact_block"
            }
        },
        {
            "name": "drupal/entity_reference_revisions",
            "version": "1.7.0",
            "source": {
                "type": "git",
                "url": "https://git.drupalcode.org/project/entity_reference_revisions.git",
                "reference": "8.x-1.7"
            },
            "dist": {
                "type": "zip",
                "url": "https://ftp.drupal.org/files/projects/entity_reference_revisions-8.x-1.7.zip",
                "reference": "8.x-1.7",
                "shasum": "4e3b849b0d984cd3c0a4330c9aa4cb16bf1f79f6"
            },
            "require": {
                "drupal/core": "~8.0"
            },
            "require-dev": {
                "drupal/diff": "*"
            },
            "type": "drupal-module",
            "extra": {
                "branch-alias": {
                    "dev-1.x": "1.x-dev"
                },
                "drupal": {
                    "version": "8.x-1.7",
                    "datestamp": "1570284187",
                    "security-coverage": {
                        "status": "covered",
                        "message": "Covered by Drupal's security advisory policy"
                    }
                }
            },
            "notification-url": "https://packages.drupal.org/8/downloads",
            "license": [
                "GPL-2.0-or-later"
            ],
            "authors": [
                {
                    "name": "Berdir",
                    "homepage": "https://www.drupal.org/user/214652"
                },
                {
                    "name": "Frans",
                    "homepage": "https://www.drupal.org/user/514222"
                },
                {
                    "name": "jeroen.b",
                    "homepage": "https://www.drupal.org/user/1853532"
                },
                {
                    "name": "miro_dietiker",
                    "homepage": "https://www.drupal.org/user/227761"
                }
            ],
            "description": "Adds a Entity Reference field type with revision support.",
            "homepage": "https://www.drupal.org/project/entity_reference_revisions",
            "support": {
                "source": "https://git.drupalcode.org/project/entity_reference_revisions"
            }
        },
        {
            "name": "drupal/google_analytics",
            "version": "2.4.0",
            "source": {
                "type": "git",
                "url": "https://git.drupalcode.org/project/google_analytics.git",
                "reference": "8.x-2.4"
            },
            "dist": {
                "type": "zip",
                "url": "https://ftp.drupal.org/files/projects/google_analytics-8.x-2.4.zip",
                "reference": "8.x-2.4",
                "shasum": "f2e78ec140024ddcd19e027704ba73c33731f656"
            },
            "require": {
                "drupal/core": "~8.5"
            },
            "require-dev": {
                "drupal/php": "*",
                "drupal/token": "*"
            },
            "type": "drupal-module",
            "extra": {
                "branch-alias": {
                    "dev-2.x": "2.x-dev"
                },
                "drupal": {
                    "version": "8.x-2.4",
                    "datestamp": "1548968580",
                    "security-coverage": {
                        "status": "covered",
                        "message": "Covered by Drupal's security advisory policy"
                    }
                }
            },
            "notification-url": "https://packages.drupal.org/8/downloads",
            "license": [
                "GPL-2.0+"
            ],
            "authors": [
                {
                    "name": "hass",
                    "homepage": "https://www.drupal.org/u/hass"
                },
                {
                    "name": "See other contributors",
                    "homepage": "https://www.drupal.org/node/49388/committers"
                }
            ],
            "description": "Allows your site to be tracked by Google Analytics by adding a Javascript tracking code to every page.",
            "homepage": "https://www.drupal.org/project/google_analytics",
            "support": {
                "source": "https://git.drupal.org/project/google_analytics.git",
                "issues": "https://www.drupal.org/project/issues/google_analytics"
            }
        },
        {
            "name": "drupal/metatag",
            "version": "1.11.0",
            "source": {
                "type": "git",
                "url": "https://git.drupalcode.org/project/metatag.git",
                "reference": "8.x-1.11"
            },
            "dist": {
                "type": "zip",
                "url": "https://ftp.drupal.org/files/projects/metatag-8.x-1.11.zip",
                "reference": "8.x-1.11",
                "shasum": "9acb04a741d80b4ab468d118a242271169d11f00"
            },
            "require": {
                "drupal/core": "*",
                "drupal/token": "^1.0"
            },
            "require-dev": {
                "drupal/devel": "^2.0",
                "drupal/metatag_dc": "*",
                "drupal/metatag_open_graph": "*",
                "drupal/page_manager": "^4.0",
                "drupal/redirect": "^1.0",
                "drupal/restui": "^1.0",
                "drupal/schema_metatag": "^1.0",
                "drupal/schema_web_page": "*"
            },
            "type": "drupal-module",
            "extra": {
                "branch-alias": {
                    "dev-1.x": "1.x-dev"
                },
                "drupal": {
                    "version": "8.x-1.11",
                    "datestamp": "1576870683",
                    "security-coverage": {
                        "status": "covered",
                        "message": "Covered by Drupal's security advisory policy"
                    }
                }
            },
            "notification-url": "https://packages.drupal.org/8/downloads",
            "license": [
                "GPL-2.0+"
            ],
            "authors": [
                {
                    "name": "See contributors",
                    "homepage": "https://www.drupal.org/node/640498/committers",
                    "role": "Developer"
                },
                {
                    "name": "Dave Reid",
                    "homepage": "https://www.drupal.org/user/53892"
                }
            ],
            "description": "Manage meta tags for all entities.",
            "homepage": "https://www.drupal.org/project/metatag",
            "keywords": [
                "Drupal",
                "seo"
            ],
            "support": {
                "source": "http://cgit.drupalcode.org/metatag",
                "issues": "http://drupal.org/project/issues/metatag"
            }
        },
        {
            "name": "drupal/paragraphs",
            "version": "1.10.0",
            "source": {
                "type": "git",
                "url": "https://git.drupalcode.org/project/paragraphs.git",
                "reference": "8.x-1.10"
            },
            "dist": {
                "type": "zip",
                "url": "https://ftp.drupal.org/files/projects/paragraphs-8.x-1.10.zip",
                "reference": "8.x-1.10",
                "shasum": "12f96d90940df1c870bbe4cb97a8260169045911"
            },
            "require": {
                "drupal/core": "~8",
                "drupal/entity_reference_revisions": "~1.3"
            },
            "require-dev": {
                "drupal/block_field": "~1.0",
                "drupal/ctools": "3.x-dev",
                "drupal/diff": "~1.0",
                "drupal/entity_browser": "2.x-dev",
                "drupal/entity_usage": "2.x-dev",
                "drupal/field_group": "3.x-dev",
                "drupal/inline_entity_form": "~1.0",
                "drupal/paragraphs-paragraphs_library": "*",
                "drupal/replicate": "~1.0",
                "drupal/search_api": "~1.0",
                "drupal/search_api_db": "*"
            },
            "suggest": {
                "drupal/entity_browser": "Recommended for an improved user experience when using the Paragraphs library module"
            },
            "type": "drupal-module",
            "extra": {
                "branch-alias": {
                    "dev-1.x": "1.x-dev"
                },
                "drupal": {
                    "version": "8.x-1.10",
                    "datestamp": "1572617586",
                    "security-coverage": {
                        "status": "covered",
                        "message": "Covered by Drupal's security advisory policy"
                    }
                }
            },
            "notification-url": "https://packages.drupal.org/8/downloads",
            "license": [
                "GPL-2.0"
            ],
            "authors": [
                {
                    "name": "Berdir",
                    "homepage": "https://www.drupal.org/user/214652"
                },
                {
                    "name": "Frans",
                    "homepage": "https://www.drupal.org/user/514222"
                },
                {
                    "name": "Primsi",
                    "homepage": "https://www.drupal.org/user/282629"
                },
                {
                    "name": "jeroen.b",
                    "homepage": "https://www.drupal.org/user/1853532"
                },
                {
                    "name": "jstoller",
                    "homepage": "https://www.drupal.org/user/99012"
                },
                {
                    "name": "miro_dietiker",
                    "homepage": "https://www.drupal.org/user/227761"
                }
            ],
            "description": "Enables the creation of Paragraphs entities.",
            "homepage": "https://www.drupal.org/project/paragraphs",
            "support": {
                "source": "https://git.drupalcode.org/project/paragraphs"
            }
        },
        {
            "name": "drupal/recaptcha",
            "version": "2.4.0",
            "source": {
                "type": "git",
                "url": "https://git.drupalcode.org/project/recaptcha.git",
                "reference": "8.x-2.4"
            },
            "dist": {
                "type": "zip",
                "url": "https://ftp.drupal.org/files/projects/recaptcha-8.x-2.4.zip",
                "reference": "8.x-2.4",
                "shasum": "ee68020dc33f880313b83d8bbcb159ef85285c7a"
            },
            "require": {
                "drupal/captcha": "^1.0.0-alpha1",
                "drupal/core": "~8.0"
            },
            "type": "drupal-module",
            "extra": {
                "branch-alias": {
                    "dev-2.x": "2.x-dev"
                },
                "drupal": {
                    "version": "8.x-2.4",
                    "datestamp": "1548967980",
                    "security-coverage": {
                        "status": "covered",
                        "message": "Covered by Drupal's security advisory policy"
                    }
                }
            },
            "notification-url": "https://packages.drupal.org/8/downloads",
            "license": [
                "GPL-2.0+"
            ],
            "authors": [
                {
                    "name": "hass",
                    "homepage": "https://www.drupal.org/u/hass"
                },
                {
                    "name": "See other contributors",
                    "homepage": "https://www.drupal.org/node/147903/committers"
                },
                {
                    "name": "diolan",
                    "homepage": "https://www.drupal.org/user/2336786"
                },
                {
                    "name": "hass",
                    "homepage": "https://www.drupal.org/user/85918"
                },
                {
                    "name": "id.medion",
                    "homepage": "https://www.drupal.org/user/2542592"
                }
            ],
            "description": "Protect your website from spam and abuse while letting real people pass through with ease.",
            "homepage": "https://www.drupal.org/project/recaptcha",
            "support": {
                "source": "https://git.drupal.org/project/recaptcha.git",
                "issues": "https://www.drupal.org/project/issues/recaptcha"
            }
        },
        {
            "name": "drupal/smart_trim",
            "version": "1.2.0",
            "source": {
                "type": "git",
                "url": "https://git.drupalcode.org/project/smart_trim.git",
                "reference": "8.x-1.2"
            },
            "dist": {
                "type": "zip",
                "url": "https://ftp.drupal.org/files/projects/smart_trim-8.x-1.2.zip",
                "reference": "8.x-1.2",
                "shasum": "4f23b41cc5e09231640d53f0c405f999b81f17b9"
            },
            "require": {
                "drupal/core": "*"
            },
            "type": "drupal-module",
            "extra": {
                "branch-alias": {
                    "dev-1.x": "1.x-dev"
                },
                "drupal": {
                    "version": "8.x-1.2",
                    "datestamp": "1576094525",
                    "security-coverage": {
                        "status": "covered",
                        "message": "Covered by Drupal's security advisory policy"
                    }
                }
            },
            "notification-url": "https://packages.drupal.org/8/downloads",
            "license": [
                "GPL-2.0+"
            ],
            "authors": [
                {
                    "name": "Mark Casias (markie)",
                    "homepage": "https://www.drupal.org/u/markie",
                    "role": "Maintainer"
                },
                {
                    "name": "chrisjlee",
                    "homepage": "https://www.drupal.org/user/760600"
                },
                {
                    "name": "drywall",
                    "homepage": "https://www.drupal.org/user/192591"
                },
                {
                    "name": "jsenich",
                    "homepage": "https://www.drupal.org/user/58871"
                },
                {
                    "name": "markie",
                    "homepage": "https://www.drupal.org/user/206687"
                },
                {
                    "name": "newsignature",
                    "homepage": "https://www.drupal.org/user/765518"
                }
            ],
            "description": "Provides a more robust alternative to 'summary or trimmed' textfield format.",
            "homepage": "https://drupal.org/project/smart_trim",
            "support": {
                "source": "https://cgit.drupalcode.org/smart_trim",
                "issues": "https://drupal.org/project/issues/smart_trim"
            }
        },
        {
            "name": "drupal/smart_trim_readmore",
            "version": "1.0.0-beta2",
            "source": {
                "type": "git",
                "url": "https://git.drupalcode.org/project/smart_trim_readmore.git",
                "reference": "8.x-1.0-beta2"
            },
            "dist": {
                "type": "zip",
                "url": "https://ftp.drupal.org/files/projects/smart_trim_readmore-8.x-1.0-beta2.zip",
                "reference": "8.x-1.0-beta2",
                "shasum": "4dab9e63ffd3ad9060f5972c0de5845087ce3784"
            },
            "require": {
                "drupal/core": "~8.0",
                "drupal/smart_trim": "*"
            },
            "type": "drupal-module",
            "extra": {
                "branch-alias": {
                    "dev-1.x": "1.x-dev"
                },
                "drupal": {
                    "version": "8.x-1.0-beta2",
                    "datestamp": "1576144085",
                    "security-coverage": {
                        "status": "not-covered",
                        "message": "Project has not opted into security advisory coverage!"
                    }
                }
            },
            "notification-url": "https://packages.drupal.org/8/downloads",
            "license": [
                "GPL-2.0+"
            ],
            "authors": [
                {
                    "name": "m.lebedev",
                    "homepage": "https://www.drupal.org/user/2566550"
                }
            ],
            "description": "Provides an extra formatter for smart trim module.",
            "homepage": "https://www.drupal.org/project/smart_trim_readmore",
            "support": {
                "source": "https://git.drupalcode.org/project/smart_trim_readmore"
            }
        },
        {
            "name": "drupal/social_media",
            "version": "1.6.0",
            "source": {
                "type": "git",
                "url": "https://git.drupalcode.org/project/social_media.git",
                "reference": "8.x-1.6"
            },
            "dist": {
                "type": "zip",
                "url": "https://ftp.drupal.org/files/projects/social_media-8.x-1.6.zip",
                "reference": "8.x-1.6",
                "shasum": "e6ead24f77d1638697ea34ffde5d377c2ba83064"
            },
            "require": {
                "drupal/core": "*",
                "drupal/token": "*"
            },
            "type": "drupal-module",
            "extra": {
                "branch-alias": {
                    "dev-1.x": "1.x-dev"
                },
                "drupal": {
                    "version": "8.x-1.6",
                    "datestamp": "1572538084",
                    "security-coverage": {
                        "status": "covered",
                        "message": "Covered by Drupal's security advisory policy"
                    }
                }
            },
            "notification-url": "https://packages.drupal.org/8/downloads",
            "license": [
                "GPL-2.0+"
            ],
            "authors": [
                {
                    "name": "Takim Islam",
                    "homepage": "http://drupalsharing.com/",
                    "role": "Maintainer"
                },
                {
                    "name": "Jack Over",
                    "homepage": "https://www.drupal.org/user/252386",
                    "role": "Maintainer"
                }
            ],
            "description": "Share current page to social media",
            "homepage": "https://drupal.org/project/social_media",
            "support": {
                "source": "http://cgit.drupalcode.org/social_media",
                "issues": "https://www.drupal.org/project/issues/social_media"
            }
        },
        {
            "name": "drupal/token",
            "version": "1.6.0",
            "source": {
                "type": "git",
                "url": "https://git.drupalcode.org/project/token.git",
                "reference": "8.x-1.6"
            },
            "dist": {
                "type": "zip",
                "url": "https://ftp.drupal.org/files/projects/token-8.x-1.6.zip",
                "reference": "8.x-1.6",
                "shasum": "22039a3d927220609e708932ac5c501b90ca4925"
            },
            "require": {
                "drupal/core": "^8.7.7 || ^9"
            },
            "type": "drupal-module",
            "extra": {
                "branch-alias": {
                    "dev-1.x": "1.x-dev"
                },
                "drupal": {
                    "version": "8.x-1.6",
                    "datestamp": "1577708583",
                    "security-coverage": {
                        "status": "covered",
                        "message": "Covered by Drupal's security advisory policy"
                    }
                },
                "drush": {
                    "services": {
                        "drush.services.yml": "^9 || ^10"
                    }
                }
            },
            "notification-url": "https://packages.drupal.org/8/downloads",
            "license": [
                "GPL-2.0+"
            ],
            "authors": [
                {
                    "name": "Berdir",
                    "homepage": "https://www.drupal.org/user/214652"
                },
                {
                    "name": "Dave Reid",
                    "homepage": "https://www.drupal.org/user/53892"
                },
                {
                    "name": "eaton",
                    "homepage": "https://www.drupal.org/user/16496"
                },
                {
                    "name": "fago",
                    "homepage": "https://www.drupal.org/user/16747"
                },
                {
                    "name": "greggles",
                    "homepage": "https://www.drupal.org/user/36762"
                },
                {
                    "name": "mikeryan",
                    "homepage": "https://www.drupal.org/user/4420"
                }
            ],
            "description": "Provides a user interface for the Token API, some missing core tokens.",
            "homepage": "https://www.drupal.org/project/token",
            "support": {
                "source": "https://git.drupalcode.org/project/token"
            }
        },
        {
            "name": "wikimedia/composer-merge-plugin",
            "version": "v1.4.1",
            "source": {
                "type": "git",
                "url": "https://github.com/wikimedia/composer-merge-plugin.git",
                "reference": "81c6ac72a24a67383419c7eb9aa2b3437f2ab100"
            },
            "dist": {
                "type": "zip",
                "url": "https://api.github.com/repos/wikimedia/composer-merge-plugin/zipball/81c6ac72a24a67383419c7eb9aa2b3437f2ab100",
                "reference": "81c6ac72a24a67383419c7eb9aa2b3437f2ab100",
                "shasum": ""
            },
            "require": {
                "composer-plugin-api": "^1.0",
                "php": ">=5.3.2"
            },
            "require-dev": {
                "composer/composer": "~1.0.0",
                "jakub-onderka/php-parallel-lint": "~0.8",
                "phpunit/phpunit": "~4.8|~5.0",
                "squizlabs/php_codesniffer": "~2.1.0"
            },
            "type": "composer-plugin",
            "extra": {
                "branch-alias": {
                    "dev-master": "1.3.x-dev"
                },
                "class": "Wikimedia\\Composer\\MergePlugin"
            },
            "autoload": {
                "psr-4": {
                    "Wikimedia\\Composer\\": "src/"
                }
            },
            "notification-url": "https://packagist.org/downloads/",
            "license": [
                "MIT"
            ],
            "authors": [
                {
                    "name": "Bryan Davis",
                    "email": "bd808@wikimedia.org"
                }
            ],
            "description": "Composer plugin to merge multiple composer.json files",
            "time": "2017-04-25T02:31:25+00:00"
        }
    ],
    "packages-dev": [],
    "aliases": [],
    "minimum-stability": "dev",
    "stability-flags": [],
    "prefer-stable": true,
    "prefer-lowest": false,
    "platform": [],
    "platform-dev": []
}
