langcode: en
status: true
dependencies:
  module:
  - node
  - social_media
  theme:
  - openbusiness_theme
id: socialsharingblock
theme: openbusiness_theme
region: content
weight: 0
provider: null
plugin: social_sharing_block
settings:
  id: social_sharing_block
  label: 'Social Sharing'
  provider: social_media
  label_display: '0'
visibility:
  node_type:
    id: node_type
    bundles:
      article: article
      portofolio: portofolio
    negate: false
    context_mapping:
      node: '@node.node_route_context:node'
